{
    "version": 3,
    "terraform_version": "0.11.7",
    "serial": 8,
    "lineage": "e3fdff79-a8f1-ab82-79e7-e86ad1447593",
    "modules": [
        {
            "path": [
                "root"
            ],
            "outputs": {
                "nano_public_ip": {
                    "sensitive": false,
                    "type": "string",
                    "value": "54.171.112.188"
                }
            },
            "resources": {},
            "depends_on": []
        },
        {
            "path": [
                "root",
                "instances"
            ],
            "outputs": {
                "nano_public_ip": {
                    "sensitive": false,
                    "type": "string",
                    "value": "54.171.112.188"
                }
            },
            "resources": {
                "aws_instance.nano_instance": {
                    "type": "aws_instance",
                    "depends_on": [
                        "data.template_file.user_data"
                    ],
                    "primary": {
                        "id": "i-0ee95420ad88a9c36",
                        "attributes": {
                            "ami": "ami-f90a4880",
                            "associate_public_ip_address": "true",
                            "availability_zone": "eu-west-1a",
                            "credit_specification.#": "1",
                            "credit_specification.0.cpu_credits": "standard",
                            "disable_api_termination": "false",
                            "ebs_block_device.#": "0",
                            "ebs_optimized": "false",
                            "ephemeral_block_device.#": "0",
                            "get_password_data": "false",
                            "iam_instance_profile": "",
                            "id": "i-0ee95420ad88a9c36",
                            "instance_state": "running",
                            "instance_type": "t2.micro",
                            "ipv6_addresses.#": "0",
                            "key_name": "Nano",
                            "monitoring": "false",
                            "network_interface.#": "0",
                            "network_interface_id": "eni-cf4aa6fa",
                            "password_data": "",
                            "placement_group": "",
                            "primary_network_interface_id": "eni-cf4aa6fa",
                            "private_dns": "ip-10-0-0-126.eu-west-1.compute.internal",
                            "private_ip": "10.0.0.126",
                            "public_dns": "",
                            "public_ip": "54.171.112.188",
                            "root_block_device.#": "1",
                            "root_block_device.0.delete_on_termination": "true",
                            "root_block_device.0.iops": "100",
                            "root_block_device.0.volume_id": "vol-0d464ec47d35afd4c",
                            "root_block_device.0.volume_size": "8",
                            "root_block_device.0.volume_type": "gp2",
                            "security_groups.#": "0",
                            "source_dest_check": "true",
                            "subnet_id": "subnet-330dbf7b",
                            "tags.%": "1",
                            "tags.Name": "Nano_Node",
                            "tenancy": "default",
                            "user_data": "ff25c08a2cecb9aa9281b778fee2598c4ec9ac78",
                            "volume_tags.%": "0",
                            "vpc_security_group_ids.#": "1",
                            "vpc_security_group_ids.445544759": "sg-2099475d"
                        },
                        "meta": {
                            "e2bfb730-ecaa-11e6-8f88-34363bc7c4c0": {
                                "create": 600000000000,
                                "delete": 1200000000000,
                                "update": 600000000000
                            },
                            "schema_version": "1"
                        },
                        "tainted": false
                    },
                    "deposed": [],
                    "provider": "provider.aws"
                },
                "data.template_file.user_data": {
                    "type": "template_file",
                    "depends_on": [],
                    "primary": {
                        "id": "13b54bb058d144888754449a229ec6d1013bf836e3b5f8e733a4a2936ddb1385",
                        "attributes": {
                            "id": "13b54bb058d144888754449a229ec6d1013bf836e3b5f8e733a4a2936ddb1385",
                            "rendered": "#!/bin/bash\r\n# Copyright 2016 Amazon.com, Inc. or its affiliates. All Rights Reserved.\r\n#\r\n# Licensed under the Apache License, Version 2.0 (the \"License\"). You may not use this file\r\n# except in compliance with the License. A copy of the License is located at\r\n#\r\n#     http://aws.amazon.com/apache2.0/\r\n#\r\n# or in the \"license\" file accompanying this file. This file is distributed on an \"AS IS\"\r\n# BASIS, WITHOUT WARRANTIES OR CONDITIONS OF ANY KIND, either express or implied. See the\r\n# License for the specific language governing permissions and limitations under the License.\r\ncd /root\r\nwget https://raw.githubusercontent.com/ryan-froggatt/Nano/master/NanoNodeInstall.sh\r\nsh NanoNodeInstall.sh",
                            "template": "#!/bin/bash\r\n# Copyright 2016 Amazon.com, Inc. or its affiliates. All Rights Reserved.\r\n#\r\n# Licensed under the Apache License, Version 2.0 (the \"License\"). You may not use this file\r\n# except in compliance with the License. A copy of the License is located at\r\n#\r\n#     http://aws.amazon.com/apache2.0/\r\n#\r\n# or in the \"license\" file accompanying this file. This file is distributed on an \"AS IS\"\r\n# BASIS, WITHOUT WARRANTIES OR CONDITIONS OF ANY KIND, either express or implied. See the\r\n# License for the specific language governing permissions and limitations under the License.\r\ncd /root\r\nwget https://raw.githubusercontent.com/ryan-froggatt/Nano/master/NanoNodeInstall.sh\r\nsh NanoNodeInstall.sh"
                        },
                        "meta": {},
                        "tainted": false
                    },
                    "deposed": [],
                    "provider": "provider.template"
                }
            },
            "depends_on": []
        },
        {
            "path": [
                "root",
                "routing_tables"
            ],
            "outputs": {},
            "resources": {
                "aws_route_table.public_route_table": {
                    "type": "aws_route_table",
                    "depends_on": [],
                    "primary": {
                        "id": "rtb-5dc84c24",
                        "attributes": {
                            "id": "rtb-5dc84c24",
                            "propagating_vgws.#": "0",
                            "route.#": "1",
                            "route.2969980972.cidr_block": "0.0.0.0/0",
                            "route.2969980972.egress_only_gateway_id": "",
                            "route.2969980972.gateway_id": "igw-482b582f",
                            "route.2969980972.instance_id": "",
                            "route.2969980972.ipv6_cidr_block": "",
                            "route.2969980972.nat_gateway_id": "",
                            "route.2969980972.network_interface_id": "",
                            "route.2969980972.vpc_peering_connection_id": "",
                            "tags.%": "0",
                            "vpc_id": "vpc-734b2b15"
                        },
                        "meta": {},
                        "tainted": false
                    },
                    "deposed": [],
                    "provider": "provider.aws"
                },
                "aws_route_table_association.public_route_table_association": {
                    "type": "aws_route_table_association",
                    "depends_on": [
                        "aws_route_table.public_route_table"
                    ],
                    "primary": {
                        "id": "rtbassoc-e6c7e69e",
                        "attributes": {
                            "id": "rtbassoc-e6c7e69e",
                            "route_table_id": "rtb-5dc84c24",
                            "subnet_id": "subnet-330dbf7b"
                        },
                        "meta": {},
                        "tainted": false
                    },
                    "deposed": [],
                    "provider": "provider.aws"
                }
            },
            "depends_on": []
        },
        {
            "path": [
                "root",
                "security_groups"
            ],
            "outputs": {
                "nano_sg_id": {
                    "sensitive": false,
                    "type": "string",
                    "value": "sg-2099475d"
                }
            },
            "resources": {
                "aws_security_group.nano_sg": {
                    "type": "aws_security_group",
                    "depends_on": [],
                    "primary": {
                        "id": "sg-2099475d",
                        "attributes": {
                            "arn": "arn:aws:ec2:eu-west-1:340356750289:security-group/sg-2099475d",
                            "description": "Nano Security Group",
                            "egress.#": "1",
                            "egress.482069346.cidr_blocks.#": "1",
                            "egress.482069346.cidr_blocks.0": "0.0.0.0/0",
                            "egress.482069346.description": "",
                            "egress.482069346.from_port": "0",
                            "egress.482069346.ipv6_cidr_blocks.#": "0",
                            "egress.482069346.prefix_list_ids.#": "0",
                            "egress.482069346.protocol": "-1",
                            "egress.482069346.security_groups.#": "0",
                            "egress.482069346.self": "false",
                            "egress.482069346.to_port": "0",
                            "id": "sg-2099475d",
                            "ingress.#": "2",
                            "ingress.2214680975.cidr_blocks.#": "1",
                            "ingress.2214680975.cidr_blocks.0": "0.0.0.0/0",
                            "ingress.2214680975.description": "",
                            "ingress.2214680975.from_port": "80",
                            "ingress.2214680975.ipv6_cidr_blocks.#": "0",
                            "ingress.2214680975.protocol": "tcp",
                            "ingress.2214680975.security_groups.#": "0",
                            "ingress.2214680975.self": "false",
                            "ingress.2214680975.to_port": "80",
                            "ingress.2541437006.cidr_blocks.#": "1",
                            "ingress.2541437006.cidr_blocks.0": "0.0.0.0/0",
                            "ingress.2541437006.description": "",
                            "ingress.2541437006.from_port": "22",
                            "ingress.2541437006.ipv6_cidr_blocks.#": "0",
                            "ingress.2541437006.protocol": "tcp",
                            "ingress.2541437006.security_groups.#": "0",
                            "ingress.2541437006.self": "false",
                            "ingress.2541437006.to_port": "22",
                            "name": "nano_sg",
                            "owner_id": "340356750289",
                            "revoke_rules_on_delete": "false",
                            "tags.%": "0",
                            "vpc_id": "vpc-734b2b15"
                        },
                        "meta": {
                            "e2bfb730-ecaa-11e6-8f88-34363bc7c4c0": {
                                "create": 600000000000,
                                "delete": 600000000000
                            },
                            "schema_version": "1"
                        },
                        "tainted": false
                    },
                    "deposed": [],
                    "provider": "provider.aws"
                }
            },
            "depends_on": []
        },
        {
            "path": [
                "root",
                "subnets"
            ],
            "outputs": {
                "nano_subnet_id": {
                    "sensitive": false,
                    "type": "string",
                    "value": "subnet-330dbf7b"
                }
            },
            "resources": {
                "aws_subnet.nano_subnet": {
                    "type": "aws_subnet",
                    "depends_on": [],
                    "primary": {
                        "id": "subnet-330dbf7b",
                        "attributes": {
                            "assign_ipv6_address_on_creation": "false",
                            "availability_zone": "eu-west-1a",
                            "cidr_block": "10.0.0.0/24",
                            "id": "subnet-330dbf7b",
                            "map_public_ip_on_launch": "false",
                            "tags.%": "0",
                            "vpc_id": "vpc-734b2b15"
                        },
                        "meta": {
                            "schema_version": "1"
                        },
                        "tainted": false
                    },
                    "deposed": [],
                    "provider": "provider.aws"
                }
            },
            "depends_on": []
        },
        {
            "path": [
                "root",
                "vpc"
            ],
            "outputs": {
                "nano_igw_id": {
                    "sensitive": false,
                    "type": "string",
                    "value": "igw-482b582f"
                },
                "nano_vpc_id": {
                    "sensitive": false,
                    "type": "string",
                    "value": "vpc-734b2b15"
                }
            },
            "resources": {
                "aws_internet_gateway.nano_igw": {
                    "type": "aws_internet_gateway",
                    "depends_on": [
                        "aws_vpc.nano_vpc"
                    ],
                    "primary": {
                        "id": "igw-482b582f",
                        "attributes": {
                            "id": "igw-482b582f",
                            "tags.%": "1",
                            "tags.Name": "nano_igw",
                            "vpc_id": "vpc-734b2b15"
                        },
                        "meta": {},
                        "tainted": false
                    },
                    "deposed": [],
                    "provider": "provider.aws"
                },
                "aws_vpc.nano_vpc": {
                    "type": "aws_vpc",
                    "depends_on": [],
                    "primary": {
                        "id": "vpc-734b2b15",
                        "attributes": {
                            "assign_generated_ipv6_cidr_block": "false",
                            "cidr_block": "10.0.0.0/16",
                            "default_network_acl_id": "acl-99918dff",
                            "default_route_table_id": "rtb-00ca4e79",
                            "default_security_group_id": "sg-6361be1e",
                            "dhcp_options_id": "dopt-ca24e5ad",
                            "enable_classiclink": "false",
                            "enable_classiclink_dns_support": "false",
                            "enable_dns_hostnames": "false",
                            "enable_dns_support": "true",
                            "id": "vpc-734b2b15",
                            "instance_tenancy": "default",
                            "main_route_table_id": "rtb-00ca4e79",
                            "tags.%": "0"
                        },
                        "meta": {
                            "schema_version": "1"
                        },
                        "tainted": false
                    },
                    "deposed": [],
                    "provider": "provider.aws"
                }
            },
            "depends_on": []
        }
    ]
}
