{
    "version": 3,
    "terraform_version": "0.11.7",
    "serial": 9,
    "lineage": "86b896a6-5853-8421-8fdc-4ea042c2b04f",
    "modules": [
        {
            "path": [
                "root"
            ],
            "outputs": {
                "nano_public_ip": {
                    "sensitive": false,
                    "type": "string",
                    "value": "52.166.243.192"
                }
            },
            "resources": {
                "azurerm_resource_group.nano_rg": {
                    "type": "azurerm_resource_group",
                    "depends_on": [],
                    "primary": {
                        "id": "/subscriptions/9c15dde4-f4fa-4de2-8655-8b81421fd628/resourceGroups/Nano_Test",
                        "attributes": {
                            "id": "/subscriptions/9c15dde4-f4fa-4de2-8655-8b81421fd628/resourceGroups/Nano_Test",
                            "location": "westeurope",
                            "name": "Nano_Test",
                            "tags.%": "0"
                        },
                        "meta": {},
                        "tainted": false
                    },
                    "deposed": [],
                    "provider": "provider.azurerm"
                }
            },
            "depends_on": []
        },
        {
            "path": [
                "root",
                "security_groups"
            ],
            "outputs": {
                "nano_nsg_id": {
                    "sensitive": false,
                    "type": "string",
                    "value": "/subscriptions/9c15dde4-f4fa-4de2-8655-8b81421fd628/resourceGroups/Nano_Test/providers/Microsoft.Network/networkSecurityGroups/Nano_NSG"
                }
            },
            "resources": {
                "azurerm_network_security_group.nano_nsg": {
                    "type": "azurerm_network_security_group",
                    "depends_on": [],
                    "primary": {
                        "id": "/subscriptions/9c15dde4-f4fa-4de2-8655-8b81421fd628/resourceGroups/Nano_Test/providers/Microsoft.Network/networkSecurityGroups/Nano_NSG",
                        "attributes": {
                            "id": "/subscriptions/9c15dde4-f4fa-4de2-8655-8b81421fd628/resourceGroups/Nano_Test/providers/Microsoft.Network/networkSecurityGroups/Nano_NSG",
                            "location": "westeurope",
                            "name": "Nano_NSG",
                            "resource_group_name": "Nano_Test",
                            "security_rule.#": "2",
                            "security_rule.1073030619.access": "Allow",
                            "security_rule.1073030619.description": "",
                            "security_rule.1073030619.destination_address_prefix": "*",
                            "security_rule.1073030619.destination_address_prefixes.#": "0",
                            "security_rule.1073030619.destination_application_security_group_ids.#": "0",
                            "security_rule.1073030619.destination_port_range": "80",
                            "security_rule.1073030619.destination_port_ranges.#": "0",
                            "security_rule.1073030619.direction": "Inbound",
                            "security_rule.1073030619.name": "HTTP_ANY",
                            "security_rule.1073030619.priority": "100",
                            "security_rule.1073030619.protocol": "Tcp",
                            "security_rule.1073030619.source_address_prefix": "0.0.0.0/0",
                            "security_rule.1073030619.source_address_prefixes.#": "0",
                            "security_rule.1073030619.source_application_security_group_ids.#": "0",
                            "security_rule.1073030619.source_port_range": "*",
                            "security_rule.1073030619.source_port_ranges.#": "0",
                            "security_rule.1096693012.access": "Allow",
                            "security_rule.1096693012.description": "",
                            "security_rule.1096693012.destination_address_prefix": "*",
                            "security_rule.1096693012.destination_address_prefixes.#": "0",
                            "security_rule.1096693012.destination_application_security_group_ids.#": "0",
                            "security_rule.1096693012.destination_port_range": "22",
                            "security_rule.1096693012.destination_port_ranges.#": "0",
                            "security_rule.1096693012.direction": "Inbound",
                            "security_rule.1096693012.name": "SSH_ANY",
                            "security_rule.1096693012.priority": "110",
                            "security_rule.1096693012.protocol": "Tcp",
                            "security_rule.1096693012.source_address_prefix": "0.0.0.0/0",
                            "security_rule.1096693012.source_address_prefixes.#": "0",
                            "security_rule.1096693012.source_application_security_group_ids.#": "0",
                            "security_rule.1096693012.source_port_range": "*",
                            "security_rule.1096693012.source_port_ranges.#": "0",
                            "tags.%": "0"
                        },
                        "meta": {},
                        "tainted": false
                    },
                    "deposed": [],
                    "provider": "provider.azurerm"
                }
            },
            "depends_on": []
        },
        {
            "path": [
                "root",
                "vNet"
            ],
            "outputs": {
                "nano_subnet_id": {
                    "sensitive": false,
                    "type": "string",
                    "value": "/subscriptions/9c15dde4-f4fa-4de2-8655-8b81421fd628/resourceGroups/Nano_Test/providers/Microsoft.Network/virtualNetworks/Nano_vNet/subnets/Nano_Subnet"
                },
                "nano_vnet_id": {
                    "sensitive": false,
                    "type": "string",
                    "value": "/subscriptions/9c15dde4-f4fa-4de2-8655-8b81421fd628/resourceGroups/Nano_Test/providers/Microsoft.Network/virtualNetworks/Nano_vNet"
                }
            },
            "resources": {
                "azurerm_subnet.nano_subnet": {
                    "type": "azurerm_subnet",
                    "depends_on": [
                        "azurerm_virtual_network.nano_vnet"
                    ],
                    "primary": {
                        "id": "/subscriptions/9c15dde4-f4fa-4de2-8655-8b81421fd628/resourceGroups/Nano_Test/providers/Microsoft.Network/virtualNetworks/Nano_vNet/subnets/Nano_Subnet",
                        "attributes": {
                            "address_prefix": "10.0.0.0/24",
                            "id": "/subscriptions/9c15dde4-f4fa-4de2-8655-8b81421fd628/resourceGroups/Nano_Test/providers/Microsoft.Network/virtualNetworks/Nano_vNet/subnets/Nano_Subnet",
                            "ip_configurations.#": "1",
                            "ip_configurations.1054684902": "/subscriptions/9c15dde4-f4fa-4de2-8655-8b81421fd628/resourceGroups/Nano_Test/providers/Microsoft.Network/networkInterfaces/NanoNode-nic/ipConfigurations/IP_Configuration",
                            "name": "Nano_Subnet",
                            "resource_group_name": "Nano_Test",
                            "service_endpoints.#": "0",
                            "virtual_network_name": "Nano_vNet"
                        },
                        "meta": {},
                        "tainted": false
                    },
                    "deposed": [],
                    "provider": "provider.azurerm"
                },
                "azurerm_virtual_network.nano_vnet": {
                    "type": "azurerm_virtual_network",
                    "depends_on": [],
                    "primary": {
                        "id": "/subscriptions/9c15dde4-f4fa-4de2-8655-8b81421fd628/resourceGroups/Nano_Test/providers/Microsoft.Network/virtualNetworks/Nano_vNet",
                        "attributes": {
                            "address_space.#": "1",
                            "address_space.0": "10.0.0.0/16",
                            "dns_servers.#": "0",
                            "id": "/subscriptions/9c15dde4-f4fa-4de2-8655-8b81421fd628/resourceGroups/Nano_Test/providers/Microsoft.Network/virtualNetworks/Nano_vNet",
                            "location": "westeurope",
                            "name": "Nano_vNet",
                            "resource_group_name": "Nano_Test",
                            "subnet.#": "1",
                            "subnet.2824511374.address_prefix": "10.0.0.0/24",
                            "subnet.2824511374.name": "Nano_Subnet",
                            "subnet.2824511374.security_group": "",
                            "tags.%": "0"
                        },
                        "meta": {},
                        "tainted": false
                    },
                    "deposed": [],
                    "provider": "provider.azurerm"
                }
            },
            "depends_on": []
        },
        {
            "path": [
                "root",
                "virtual_machines"
            ],
            "outputs": {
                "nano_public_ip": {
                    "sensitive": false,
                    "type": "string",
                    "value": "52.166.243.192"
                }
            },
            "resources": {
                "azurerm_network_interface.nano_vm_nic": {
                    "type": "azurerm_network_interface",
                    "depends_on": [
                        "azurerm_public_ip.nano_public_ip"
                    ],
                    "primary": {
                        "id": "/subscriptions/9c15dde4-f4fa-4de2-8655-8b81421fd628/resourceGroups/Nano_Test/providers/Microsoft.Network/networkInterfaces/NanoNode-nic",
                        "attributes": {
                            "applied_dns_servers.#": "0",
                            "dns_servers.#": "0",
                            "enable_accelerated_networking": "false",
                            "enable_ip_forwarding": "false",
                            "id": "/subscriptions/9c15dde4-f4fa-4de2-8655-8b81421fd628/resourceGroups/Nano_Test/providers/Microsoft.Network/networkInterfaces/NanoNode-nic",
                            "internal_dns_name_label": "",
                            "internal_fqdn": "",
                            "ip_configuration.#": "1",
                            "ip_configuration.0.application_gateway_backend_address_pools_ids.#": "0",
                            "ip_configuration.0.application_security_group_ids.#": "0",
                            "ip_configuration.0.load_balancer_backend_address_pools_ids.#": "0",
                            "ip_configuration.0.load_balancer_inbound_nat_rules_ids.#": "0",
                            "ip_configuration.0.name": "IP_Configuration",
                            "ip_configuration.0.primary": "true",
                            "ip_configuration.0.private_ip_address": "",
                            "ip_configuration.0.private_ip_address_allocation": "dynamic",
                            "ip_configuration.0.public_ip_address_id": "/subscriptions/9c15dde4-f4fa-4de2-8655-8b81421fd628/resourceGroups/Nano_Test/providers/Microsoft.Network/publicIPAddresses/NanoNode-pip",
                            "ip_configuration.0.subnet_id": "/subscriptions/9c15dde4-f4fa-4de2-8655-8b81421fd628/resourceGroups/Nano_Test/providers/Microsoft.Network/virtualNetworks/Nano_vNet/subnets/Nano_Subnet",
                            "location": "westeurope",
                            "mac_address": "00-0D-3A-22-B3-D1",
                            "name": "NanoNode-nic",
                            "network_security_group_id": "/subscriptions/9c15dde4-f4fa-4de2-8655-8b81421fd628/resourceGroups/Nano_Test/providers/Microsoft.Network/networkSecurityGroups/Nano_NSG",
                            "private_ip_address": "10.0.0.4",
                            "private_ip_addresses.#": "1",
                            "private_ip_addresses.0": "10.0.0.4",
                            "resource_group_name": "Nano_Test",
                            "tags.%": "0",
                            "virtual_machine_id": "/subscriptions/9c15dde4-f4fa-4de2-8655-8b81421fd628/resourceGroups/Nano_Test/providers/Microsoft.Compute/virtualMachines/NanoNode"
                        },
                        "meta": {},
                        "tainted": false
                    },
                    "deposed": [],
                    "provider": "provider.azurerm"
                },
                "azurerm_public_ip.nano_public_ip": {
                    "type": "azurerm_public_ip",
                    "depends_on": [],
                    "primary": {
                        "id": "/subscriptions/9c15dde4-f4fa-4de2-8655-8b81421fd628/resourceGroups/Nano_Test/providers/Microsoft.Network/publicIPAddresses/NanoNode-pip",
                        "attributes": {
                            "id": "/subscriptions/9c15dde4-f4fa-4de2-8655-8b81421fd628/resourceGroups/Nano_Test/providers/Microsoft.Network/publicIPAddresses/NanoNode-pip",
                            "ip_address": "52.166.243.192",
                            "location": "westeurope",
                            "name": "NanoNode-pip",
                            "public_ip_address_allocation": "static",
                            "resource_group_name": "Nano_Test",
                            "sku": "Basic",
                            "tags.%": "0",
                            "zones.#": "0"
                        },
                        "meta": {},
                        "tainted": false
                    },
                    "deposed": [],
                    "provider": "provider.azurerm"
                },
                "azurerm_virtual_machine.nano_vm": {
                    "type": "azurerm_virtual_machine",
                    "depends_on": [
                        "azurerm_network_interface.nano_vm_nic"
                    ],
                    "primary": {
                        "id": "/subscriptions/9c15dde4-f4fa-4de2-8655-8b81421fd628/resourceGroups/Nano_Test/providers/Microsoft.Compute/virtualMachines/NanoNode",
                        "attributes": {
                            "delete_data_disks_on_termination": "false",
                            "delete_os_disk_on_termination": "false",
                            "id": "/subscriptions/9c15dde4-f4fa-4de2-8655-8b81421fd628/resourceGroups/Nano_Test/providers/Microsoft.Compute/virtualMachines/NanoNode",
                            "identity.#": "0",
                            "location": "westeurope",
                            "name": "NanoNode",
                            "network_interface_ids.#": "1",
                            "network_interface_ids.0": "/subscriptions/9c15dde4-f4fa-4de2-8655-8b81421fd628/resourceGroups/Nano_Test/providers/Microsoft.Network/networkInterfaces/NanoNode-nic",
                            "os_profile.#": "1",
                            "os_profile.3951955717.admin_password": "",
                            "os_profile.3951955717.admin_username": "Standard_D2s_v3",
                            "os_profile.3951955717.computer_name": "NanoNode",
                            "os_profile.3951955717.custom_data": "",
                            "os_profile_linux_config.#": "1",
                            "os_profile_linux_config.2972667452.disable_password_authentication": "false",
                            "os_profile_linux_config.2972667452.ssh_keys.#": "0",
                            "os_profile_secrets.#": "0",
                            "resource_group_name": "Nano_Test",
                            "storage_data_disk.#": "0",
                            "storage_image_reference.#": "1",
                            "storage_image_reference.1458860473.id": "",
                            "storage_image_reference.1458860473.offer": "UbuntuServer",
                            "storage_image_reference.1458860473.publisher": "Canonical",
                            "storage_image_reference.1458860473.sku": "16.04-LTS",
                            "storage_image_reference.1458860473.version": "latest",
                            "storage_os_disk.#": "1",
                            "storage_os_disk.0.caching": "ReadWrite",
                            "storage_os_disk.0.create_option": "FromImage",
                            "storage_os_disk.0.disk_size_gb": "30",
                            "storage_os_disk.0.image_uri": "",
                            "storage_os_disk.0.managed_disk_id": "/subscriptions/9c15dde4-f4fa-4de2-8655-8b81421fd628/resourceGroups/Nano_Test/providers/Microsoft.Compute/disks/Nano_OS_Disk",
                            "storage_os_disk.0.managed_disk_type": "Standard_LRS",
                            "storage_os_disk.0.name": "Nano_OS_Disk",
                            "storage_os_disk.0.os_type": "Linux",
                            "storage_os_disk.0.vhd_uri": "",
                            "tags.%": "0",
                            "vm_size": "Standard_A1",
                            "zones.#": "0"
                        },
                        "meta": {},
                        "tainted": false
                    },
                    "deposed": [],
                    "provider": "provider.azurerm"
                },
                "azurerm_virtual_machine_extension.nano_vm_extension": {
                    "type": "azurerm_virtual_machine_extension",
                    "depends_on": [
                        "azurerm_virtual_machine.nano_vm"
                    ],
                    "primary": {
                        "id": "/subscriptions/9c15dde4-f4fa-4de2-8655-8b81421fd628/resourceGroups/Nano_Test/providers/Microsoft.Compute/virtualMachines/NanoNode/extensions/NanoNodeInstall",
                        "attributes": {
                            "auto_upgrade_minor_version": "false",
                            "id": "/subscriptions/9c15dde4-f4fa-4de2-8655-8b81421fd628/resourceGroups/Nano_Test/providers/Microsoft.Compute/virtualMachines/NanoNode/extensions/NanoNodeInstall",
                            "location": "westeurope",
                            "name": "NanoNodeInstall",
                            "publisher": "Microsoft.Azure.Extensions",
                            "resource_group_name": "Nano_Test",
                            "settings": "{\"commandToExecute\":\"sh NanoNodeInstall.sh\",\"fileUris\":[\"https://raw.githubusercontent.com/ryan-froggatt/Nano/master/NanoNodeInstall.sh\"]}",
                            "tags.%": "0",
                            "type": "CustomScript",
                            "type_handler_version": "2.0",
                            "virtual_machine_name": "NanoNode"
                        },
                        "meta": {},
                        "tainted": false
                    },
                    "deposed": [],
                    "provider": "provider.azurerm"
                }
            },
            "depends_on": []
        }
    ]
}
